// !$*UTF8*$!
{
	archiveVersion = 1;
	classes = {
	};
	objectVersion = 52;
	objects = {

/* Begin PBXBuildFile section */
		11AB6EBC26AB354100A8ED62 /* AppDelegate.swift in Sources */ = {isa = PBXBuildFile; fileRef = 11AB6EBB26AB354100A8ED62 /* AppDelegate.swift */; };
		11AB6EC326AB354100A8ED62 /* Main.storyboard in Resources */ = {isa = PBXBuildFile; fileRef = 11AB6EC126AB354100A8ED62 /* Main.storyboard */; };
		11AB6EC526AB354700A8ED62 /* Assets.xcassets in Resources */ = {isa = PBXBuildFile; fileRef = 11AB6EC426AB354700A8ED62 /* Assets.xcassets */; };
		11AB6EC826AB354700A8ED62 /* LaunchScreen.storyboard in Resources */ = {isa = PBXBuildFile; fileRef = 11AB6EC626AB354700A8ED62 /* LaunchScreen.storyboard */; };
		11AB6ED426AB35CB00A8ED62 /* SnapKit in Frameworks */ = {isa = PBXBuildFile; productRef = 11AB6ED326AB35CB00A8ED62 /* SnapKit */; };
		11AB6EE626AB360F00A8ED62 /* Address.swift in Sources */ = {isa = PBXBuildFile; fileRef = 11AB6ED826AB360F00A8ED62 /* Address.swift */; };
		11AB6EE726AB360F00A8ED62 /* Comment.swift in Sources */ = {isa = PBXBuildFile; fileRef = 11AB6ED926AB360F00A8ED62 /* Comment.swift */; };
		11AB6EE826AB360F00A8ED62 /* User.swift in Sources */ = {isa = PBXBuildFile; fileRef = 11AB6EDA26AB360F00A8ED62 /* User.swift */; };
		11AB6EE926AB360F00A8ED62 /* Post.swift in Sources */ = {isa = PBXBuildFile; fileRef = 11AB6EDB26AB360F00A8ED62 /* Post.swift */; };
		11AB6EEA26AB360F00A8ED62 /* Company.swift in Sources */ = {isa = PBXBuildFile; fileRef = 11AB6EDC26AB360F00A8ED62 /* Company.swift */; };
		11AB6EEB26AB360F00A8ED62 /* NewPostVC.swift in Sources */ = {isa = PBXBuildFile; fileRef = 11AB6EDE26AB360F00A8ED62 /* NewPostVC.swift */; };
		11AB6EEC26AB360F00A8ED62 /* PostVC.swift in Sources */ = {isa = PBXBuildFile; fileRef = 11AB6EDF26AB360F00A8ED62 /* PostVC.swift */; };
		11AB6EED26AB360F00A8ED62 /* PostListVC.swift in Sources */ = {isa = PBXBuildFile; fileRef = 11AB6EE026AB360F00A8ED62 /* PostListVC.swift */; };
		11AB6EEE26AB360F00A8ED62 /* CommentCell.swift in Sources */ = {isa = PBXBuildFile; fileRef = 11AB6EE126AB360F00A8ED62 /* CommentCell.swift */; };
		11AB6EEF26AB360F00A8ED62 /* PostCell.swift in Sources */ = {isa = PBXBuildFile; fileRef = 11AB6EE226AB360F00A8ED62 /* PostCell.swift */; };
		11AB6EF026AB360F00A8ED62 /* NetworkManager.swift in Sources */ = {isa = PBXBuildFile; fileRef = 11AB6EE426AB360F00A8ED62 /* NetworkManager.swift */; };
		11AB6EF126AB360F00A8ED62 /* Endpoint.swift in Sources */ = {isa = PBXBuildFile; fileRef = 11AB6EE526AB360F00A8ED62 /* Endpoint.swift */; };
/* End PBXBuildFile section */

/* Begin PBXFileReference section */
		11AB6EB826AB354100A8ED62 /* SocialApp-SnapKit.app */ = {isa = PBXFileReference; explicitFileType = wrapper.application; includeInIndex = 0; path = "SocialApp-SnapKit.app"; sourceTree = BUILT_PRODUCTS_DIR; };
		11AB6EBB26AB354100A8ED62 /* AppDelegate.swift */ = {isa = PBXFileReference; lastKnownFileType = sourcecode.swift; path = AppDelegate.swift; sourceTree = "<group>"; };
		11AB6EC226AB354100A8ED62 /* Base */ = {isa = PBXFileReference; lastKnownFileType = file.storyboard; name = Base; path = Base.lproj/Main.storyboard; sourceTree = "<group>"; };
		11AB6EC426AB354700A8ED62 /* Assets.xcassets */ = {isa = PBXFileReference; lastKnownFileType = folder.assetcatalog; path = Assets.xcassets; sourceTree = "<group>"; };
		11AB6EC726AB354700A8ED62 /* Base */ = {isa = PBXFileReference; lastKnownFileType = file.storyboard; name = Base; path = Base.lproj/LaunchScreen.storyboard; sourceTree = "<group>"; };
		11AB6EC926AB354700A8ED62 /* Info.plist */ = {isa = PBXFileReference; lastKnownFileType = text.plist.xml; path = Info.plist; sourceTree = "<group>"; };
		11AB6ED826AB360F00A8ED62 /* Address.swift */ = {isa = PBXFileReference; fileEncoding = 4; lastKnownFileType = sourcecode.swift; path = Address.swift; sourceTree = "<group>"; };
		11AB6ED926AB360F00A8ED62 /* Comment.swift */ = {isa = PBXFileReference; fileEncoding = 4; lastKnownFileType = sourcecode.swift; path = Comment.swift; sourceTree = "<group>"; };
		11AB6EDA26AB360F00A8ED62 /* User.swift */ = {isa = PBXFileReference; fileEncoding = 4; lastKnownFileType = sourcecode.swift; path = User.swift; sourceTree = "<group>"; };
		11AB6EDB26AB360F00A8ED62 /* Post.swift */ = {isa = PBXFileReference; fileEncoding = 4; lastKnownFileType = sourcecode.swift; path = Post.swift; sourceTree = "<group>"; };
		11AB6EDC26AB360F00A8ED62 /* Company.swift */ = {isa = PBXFileReference; fileEncoding = 4; lastKnownFileType = sourcecode.swift; path = Company.swift; sourceTree = "<group>"; };
		11AB6EDE26AB360F00A8ED62 /* NewPostVC.swift */ = {isa = PBXFileReference; fileEncoding = 4; lastKnownFileType = sourcecode.swift; path = NewPostVC.swift; sourceTree = "<group>"; };
		11AB6EDF26AB360F00A8ED62 /* PostVC.swift */ = {isa = PBXFileReference; fileEncoding = 4; lastKnownFileType = sourcecode.swift; path = PostVC.swift; sourceTree = "<group>"; };
		11AB6EE026AB360F00A8ED62 /* PostListVC.swift */ = {isa = PBXFileReference; fileEncoding = 4; lastKnownFileType = sourcecode.swift; path = PostListVC.swift; sourceTree = "<group>"; };
		11AB6EE126AB360F00A8ED62 /* CommentCell.swift */ = {isa = PBXFileReference; fileEncoding = 4; lastKnownFileType = sourcecode.swift; path = CommentCell.swift; sourceTree = "<group>"; };
		11AB6EE226AB360F00A8ED62 /* PostCell.swift */ = {isa = PBXFileReference; fileEncoding = 4; lastKnownFileType = sourcecode.swift; path = PostCell.swift; sourceTree = "<group>"; };
		11AB6EE426AB360F00A8ED62 /* NetworkManager.swift */ = {isa = PBXFileReference; fileEncoding = 4; lastKnownFileType = sourcecode.swift; path = NetworkManager.swift; sourceTree = "<group>"; };
		11AB6EE526AB360F00A8ED62 /* Endpoint.swift */ = {isa = PBXFileReference; fileEncoding = 4; lastKnownFileType = sourcecode.swift; path = Endpoint.swift; sourceTree = "<group>"; };
/* End PBXFileReference section */

/* Begin PBXFrameworksBuildPhase section */
		11AB6EB526AB354100A8ED62 /* Frameworks */ = {
			isa = PBXFrameworksBuildPhase;
			buildActionMask = 2147483647;
			files = (
				11AB6ED426AB35CB00A8ED62 /* SnapKit in Frameworks */,
			);
			runOnlyForDeploymentPostprocessing = 0;
		};
/* End PBXFrameworksBuildPhase section */

/* Begin PBXGroup section */
		11AB6EAF26AB354100A8ED62 = {
			isa = PBXGroup;
			children = (
				11AB6EBA26AB354100A8ED62 /* SocialApp-SnapKit */,
				11AB6EB926AB354100A8ED62 /* Products */,
			);
			sourceTree = "<group>";
		};
		11AB6EB926AB354100A8ED62 /* Products */ = {
			isa = PBXGroup;
			children = (
				11AB6EB826AB354100A8ED62 /* SocialApp-SnapKit.app */,
			);
			name = Products;
			sourceTree = "<group>";
		};
		11AB6EBA26AB354100A8ED62 /* SocialApp-SnapKit */ = {
			isa = PBXGroup;
			children = (
				11AB6ED726AB360F00A8ED62 /* Models */,
				11AB6EE326AB360F00A8ED62 /* Network */,
				11AB6EDD26AB360F00A8ED62 /* Views */,
				11AB6EBB26AB354100A8ED62 /* AppDelegate.swift */,
				11AB6EC126AB354100A8ED62 /* Main.storyboard */,
				11AB6EC426AB354700A8ED62 /* Assets.xcassets */,
				11AB6EC626AB354700A8ED62 /* LaunchScreen.storyboard */,
				11AB6EC926AB354700A8ED62 /* Info.plist */,
			);
			path = "SocialApp-SnapKit";
			sourceTree = "<group>";
		};
		11AB6ED726AB360F00A8ED62 /* Models */ = {
			isa = PBXGroup;
			children = (
				11AB6ED826AB360F00A8ED62 /* Address.swift */,
				11AB6ED926AB360F00A8ED62 /* Comment.swift */,
				11AB6EDA26AB360F00A8ED62 /* User.swift */,
				11AB6EDB26AB360F00A8ED62 /* Post.swift */,
				11AB6EDC26AB360F00A8ED62 /* Company.swift */,
			);
			path = Models;
			sourceTree = "<group>";
		};
		11AB6EDD26AB360F00A8ED62 /* Views */ = {
			isa = PBXGroup;
			children = (
				11AB6EDE26AB360F00A8ED62 /* NewPostVC.swift */,
				11AB6EDF26AB360F00A8ED62 /* PostVC.swift */,
				11AB6EE026AB360F00A8ED62 /* PostListVC.swift */,
				11AB6EE126AB360F00A8ED62 /* CommentCell.swift */,
				11AB6EE226AB360F00A8ED62 /* PostCell.swift */,
			);
			path = Views;
			sourceTree = "<group>";
		};
		11AB6EE326AB360F00A8ED62 /* Network */ = {
			isa = PBXGroup;
			children = (
				11AB6EE426AB360F00A8ED62 /* NetworkManager.swift */,
				11AB6EE526AB360F00A8ED62 /* Endpoint.swift */,
			);
			path = Network;
			sourceTree = "<group>";
		};
/* End PBXGroup section */

/* Begin PBXNativeTarget section */
		11AB6EB726AB354100A8ED62 /* SocialApp-SnapKit */ = {
			isa = PBXNativeTarget;
			buildConfigurationList = 11AB6ECC26AB354700A8ED62 /* Build configuration list for PBXNativeTarget "SocialApp-SnapKit" */;
			buildPhases = (
				11AB6EB426AB354100A8ED62 /* Sources */,
				11AB6EB526AB354100A8ED62 /* Frameworks */,
				11AB6EB626AB354100A8ED62 /* Resources */,
			);
			buildRules = (
			);
			dependencies = (
			);
			name = "SocialApp-SnapKit";
			packageProductDependencies = (
				11AB6ED326AB35CB00A8ED62 /* SnapKit */,
			);
			productName = "SocialApp-SnapKit";
			productReference = 11AB6EB826AB354100A8ED62 /* SocialApp-SnapKit.app */;
			productType = "com.apple.product-type.application";
		};
/* End PBXNativeTarget section */

/* Begin PBXProject section */
		11AB6EB026AB354100A8ED62 /* Project object */ = {
			isa = PBXProject;
			attributes = {
				LastSwiftUpdateCheck = 1240;
				LastUpgradeCheck = 1240;
				TargetAttributes = {
					11AB6EB726AB354100A8ED62 = {
						CreatedOnToolsVersion = 12.4;
					};
				};
			};
			buildConfigurationList = 11AB6EB326AB354100A8ED62 /* Build configuration list for PBXProject "SocialApp-SnapKit" */;
			compatibilityVersion = "Xcode 9.3";
			developmentRegion = en;
			hasScannedForEncodings = 0;
			knownRegions = (
				en,
				Base,
			);
			mainGroup = 11AB6EAF26AB354100A8ED62;
			packageReferences = (
				11AB6ED226AB35CB00A8ED62 /* XCRemoteSwiftPackageReference "SnapKit" */,
			);
			productRefGroup = 11AB6EB926AB354100A8ED62 /* Products */;
			projectDirPath = "";
			projectRoot = "";
			targets = (
				11AB6EB726AB354100A8ED62 /* SocialApp-SnapKit */,
			);
		};
/* End PBXProject section */

/* Begin PBXResourcesBuildPhase section */
		11AB6EB626AB354100A8ED62 /* Resources */ = {
			isa = PBXResourcesBuildPhase;
			buildActionMask = 2147483647;
			files = (
				11AB6EC826AB354700A8ED62 /* LaunchScreen.storyboard in Resources */,
				11AB6EC526AB354700A8ED62 /* Assets.xcassets in Resources */,
				11AB6EC326AB354100A8ED62 /* Main.storyboard in Resources */,
			);
			runOnlyForDeploymentPostprocessing = 0;
		};
/* End PBXResourcesBuildPhase section */

/* Begin PBXSourcesBuildPhase section */
		11AB6EB426AB354100A8ED62 /* Sources */ = {
			isa = PBXSourcesBuildPhase;
			buildActionMask = 2147483647;
			files = (
				11AB6EF026AB360F00A8ED62 /* NetworkManager.swift in Sources */,
				11AB6EEB26AB360F00A8ED62 /* NewPostVC.swift in Sources */,
				11AB6EE826AB360F00A8ED62 /* User.swift in Sources */,
				11AB6EF126AB360F00A8ED62 /* Endpoint.swift in Sources */,
				11AB6EE626AB360F00A8ED62 /* Address.swift in Sources */,
				11AB6EE726AB360F00A8ED62 /* Comment.swift in Sources */,
				11AB6EBC26AB354100A8ED62 /* AppDelegate.swift in Sources */,
				11AB6EEE26AB360F00A8ED62 /* CommentCell.swift in Sources */,
				11AB6EE926AB360F00A8ED62 /* Post.swift in Sources */,
				11AB6EEC26AB360F00A8ED62 /* PostVC.swift in Sources */,
				11AB6EEF26AB360F00A8ED62 /* PostCell.swift in Sources */,
				11AB6EEA26AB360F00A8ED62 /* Company.swift in Sources */,
				11AB6EED26AB360F00A8ED62 /* PostListVC.swift in Sources */,
			);
			runOnlyForDeploymentPostprocessing = 0;
		};
/* End PBXSourcesBuildPhase section */

/* Begin PBXVariantGroup section */
		11AB6EC126AB354100A8ED62 /* Main.storyboard */ = {
			isa = PBXVariantGroup;
			children = (
				11AB6EC226AB354100A8ED62 /* Base */,
			);
			name = Main.storyboard;
			sourceTree = "<group>";
		};
		11AB6EC626AB354700A8ED62 /* LaunchScreen.storyboard */ = {
			isa = PBXVariantGroup;
			children = (
				11AB6EC726AB354700A8ED62 /* Base */,
			);
			name = LaunchScreen.storyboard;
			sourceTree = "<group>";
		};
/* End PBXVariantGroup section */

/* Begin XCBuildConfiguration section */
		11AB6ECA26AB354700A8ED62 /* Debug */ = {
			isa = XCBuildConfiguration;
			buildSettings = {
				ALWAYS_SEARCH_USER_PATHS = NO;
				CLANG_ANALYZER_NONNULL = YES;
				CLANG_ANALYZER_NUMBER_OBJECT_CONVERSION = YES_AGGRESSIVE;
				CLANG_CXX_LANGUAGE_STANDARD = "gnu++14";
				CLANG_CXX_LIBRARY = "libc++";
				CLANG_ENABLE_MODULES = YES;
				CLANG_ENABLE_OBJC_ARC = YES;
				CLANG_ENABLE_OBJC_WEAK = YES;
				CLANG_WARN_BLOCK_CAPTURE_AUTORELEASING = YES;
				CLANG_WARN_BOOL_CONVERSION = YES;
				CLANG_WARN_COMMA = YES;
				CLANG_WARN_CONSTANT_CONVERSION = YES;
				CLANG_WARN_DEPRECATED_OBJC_IMPLEMENTATIONS = YES;
				CLANG_WARN_DIRECT_OBJC_ISA_USAGE = YES_ERROR;
				CLANG_WARN_DOCUMENTATION_COMMENTS = YES;
				CLANG_WARN_EMPTY_BODY = YES;
				CLANG_WARN_ENUM_CONVERSION = YES;
				CLANG_WARN_INFINITE_RECURSION = YES;
				CLANG_WARN_INT_CONVERSION = YES;
				CLANG_WARN_NON_LITERAL_NULL_CONVERSION = YES;
				CLANG_WARN_OBJC_IMPLICIT_RETAIN_SELF = YES;
				CLANG_WARN_OBJC_LITERAL_CONVERSION = YES;
				CLANG_WARN_OBJC_ROOT_CLASS = YES_ERROR;
				CLANG_WARN_QUOTED_INCLUDE_IN_FRAMEWORK_HEADER = YES;
				CLANG_WARN_RANGE_LOOP_ANALYSIS = YES;
				CLANG_WARN_STRICT_PROTOTYPES = YES;
				CLANG_WARN_SUSPICIOUS_MOVE = YES;
				CLANG_WARN_UNGUARDED_AVAILABILITY = YES_AGGRESSIVE;
				CLANG_WARN_UNREACHABLE_CODE = YES;
				CLANG_WARN__DUPLICATE_METHOD_MATCH = YES;
				COPY_PHASE_STRIP = NO;
				DEBUG_INFORMATION_FORMAT = dwarf;
				ENABLE_STRICT_OBJC_MSGSEND = YES;
				ENABLE_TESTABILITY = YES;
				GCC_C_LANGUAGE_STANDARD = gnu11;
				GCC_DYNAMIC_NO_PIC = NO;
				GCC_NO_COMMON_BLOCKS = YES;
				GCC_OPTIMIZATION_LEVEL = 0;
				GCC_PREPROCESSOR_DEFINITIONS = (
					"DEBUG=1",
					"$(inherited)",
				);
				GCC_WARN_64_TO_32_BIT_CONVERSION = YES;
				GCC_WARN_ABOUT_RETURN_TYPE = YES_ERROR;
				GCC_WARN_UNDECLARED_SELECTOR = YES;
				GCC_WARN_UNINITIALIZED_AUTOS = YES_AGGRESSIVE;
				GCC_WARN_UNUSED_FUNCTION = YES;
				GCC_WARN_UNUSED_VARIABLE = YES;
				IPHONEOS_DEPLOYMENT_TARGET = 14.4;
				MTL_ENABLE_DEBUG_INFO = INCLUDE_SOURCE;
				MTL_FAST_MATH = YES;
				ONLY_ACTIVE_ARCH = YES;
				SDKROOT = iphoneos;
				SWIFT_ACTIVE_COMPILATION_CONDITIONS = DEBUG;
				SWIFT_OPTIMIZATION_LEVEL = "-Onone";
			};
			name = Debug;
		};
		11AB6ECB26AB354700A8ED62 /* Release */ = {
			isa = XCBuildConfiguration;
			buildSettings = {
				ALWAYS_SEARCH_USER_PATHS = NO;
				CLANG_ANALYZER_NONNULL = YES;
				CLANG_ANALYZER_NUMBER_OBJECT_CONVERSION = YES_AGGRESSIVE;
				CLANG_CXX_LANGUAGE_STANDARD = "gnu++14";
				CLANG_CXX_LIBRARY = "libc++";
				CLANG_ENABLE_MODULES = YES;
				CLANG_ENABLE_OBJC_ARC = YES;
				CLANG_ENABLE_OBJC_WEAK = YES;
				CLANG_WARN_BLOCK_CAPTURE_AUTORELEASING = YES;
				CLANG_WARN_BOOL_CONVERSION = YES;
				CLANG_WARN_COMMA = YES;
				CLANG_WARN_CONSTANT_CONVERSION = YES;
				CLANG_WARN_DEPRECATED_OBJC_IMPLEMENTATIONS = YES;
				CLANG_WARN_DIRECT_OBJC_ISA_USAGE = YES_ERROR;
				CLANG_WARN_DOCUMENTATION_COMMENTS = YES;
				CLANG_WARN_EMPTY_BODY = YES;
				CLANG_WARN_ENUM_CONVERSION = YES;
				CLANG_WARN_INFINITE_RECURSION = YES;
				CLANG_WARN_INT_CONVERSION = YES;
				CLANG_WARN_NON_LITERAL_NULL_CONVERSION = YES;
				CLANG_WARN_OBJC_IMPLICIT_RETAIN_SELF = YES;
				CLANG_WARN_OBJC_LITERAL_CONVERSION = YES;
				CLANG_WARN_OBJC_ROOT_CLASS = YES_ERROR;
				CLANG_WARN_QUOTED_INCLUDE_IN_FRAMEWORK_HEADER = YES;
				CLANG_WARN_RANGE_LOOP_ANALYSIS = YES;
				CLANG_WARN_STRICT_PROTOTYPES = YES;
				CLANG_WARN_SUSPICIOUS_MOVE = YES;
				CLANG_WARN_UNGUARDED_AVAILABILITY = YES_AGGRESSIVE;
				CLANG_WARN_UNREACHABLE_CODE = YES;
				CLANG_WARN__DUPLICATE_METHOD_MATCH = YES;
				COPY_PHASE_STRIP = NO;
				DEBUG_INFORMATION_FORMAT = "dwarf-with-dsym";
				ENABLE_NS_ASSERTIONS = NO;
				ENABLE_STRICT_OBJC_MSGSEND = YES;
				GCC_C_LANGUAGE_STANDARD = gnu11;
				GCC_NO_COMMON_BLOCKS = YES;
				GCC_WARN_64_TO_32_BIT_CONVERSION = YES;
				GCC_WARN_ABOUT_RETURN_TYPE = YES_ERROR;
				GCC_WARN_UNDECLARED_SELECTOR = YES;
				GCC_WARN_UNINITIALIZED_AUTOS = YES_AGGRESSIVE;
				GCC_WARN_UNUSED_FUNCTION = YES;
				GCC_WARN_UNUSED_VARIABLE = YES;
				IPHONEOS_DEPLOYMENT_TARGET = 14.4;
				MTL_ENABLE_DEBUG_INFO = NO;
				MTL_FAST_MATH = YES;
				SDKROOT = iphoneos;
				SWIFT_COMPILATION_MODE = wholemodule;
				SWIFT_OPTIMIZATION_LEVEL = "-O";
				VALIDATE_PRODUCT = YES;
			};
			name = Release;
		};
		11AB6ECD26AB354700A8ED62 /* Debug */ = {
			isa = XCBuildConfiguration;
			buildSettings = {
				ASSETCATALOG_COMPILER_APPICON_NAME = AppIcon;
				ASSETCATALOG_COMPILER_GLOBAL_ACCENT_COLOR_NAME = AccentColor;
				CODE_SIGN_STYLE = Automatic;
				DEVELOPMENT_TEAM = ZEE9WNMA6J;
				INFOPLIST_FILE = "SocialApp-SnapKit/Info.plist";
				LD_RUNPATH_SEARCH_PATHS = (
					"$(inherited)",
					"@executable_path/Frameworks",
				);
				PRODUCT_BUNDLE_IDENTIFIER = bretsko1;
				PRODUCT_NAME = "$(TARGET_NAME)";
				SWIFT_VERSION = 5.0;
				TARGETED_DEVICE_FAMILY = "1,2";
			};
			name = Debug;
		};
		11AB6ECE26AB354700A8ED62 /* Release */ = {
			isa = XCBuildConfiguration;
			buildSettings = {
				ASSETCATALOG_COMPILER_APPICON_NAME = AppIcon;
				ASSETCATALOG_COMPILER_GLOBAL_ACCENT_COLOR_NAME = AccentColor;
				CODE_SIGN_STYLE = Automatic;
				DEVELOPMENT_TEAM = ZEE9WNMA6J;
				INFOPLIST_FILE = "SocialApp-SnapKit/Info.plist";
				LD_RUNPATH_SEARCH_PATHS = (
					"$(inherited)",
					"@executable_path/Frameworks",
				);
				PRODUCT_BUNDLE_IDENTIFIER = bretsko1;
				PRODUCT_NAME = "$(TARGET_NAME)";
				SWIFT_VERSION = 5.0;
				TARGETED_DEVICE_FAMILY = "1,2";
			};
			name = Release;
		};
/* End XCBuildConfiguration section */

/* Begin XCConfigurationList section */
		11AB6EB326AB354100A8ED62 /* Build configuration list for PBXProject "SocialApp-SnapKit" */ = {
			isa = XCConfigurationList;
			buildConfigurations = (
				11AB6ECA26AB354700A8ED62 /* Debug */,
				11AB6ECB26AB354700A8ED62 /* Release */,
			);
			defaultConfigurationIsVisible = 0;
			defaultConfigurationName = Release;
		};
		11AB6ECC26AB354700A8ED62 /* Build configuration list for PBXNativeTarget "SocialApp-SnapKit" */ = {
			isa = XCConfigurationList;
			buildConfigurations = (
				11AB6ECD26AB354700A8ED62 /* Debug */,
				11AB6ECE26AB354700A8ED62 /* Release */,
			);
			defaultConfigurationIsVisible = 0;
			defaultConfigurationName = Release;
		};
/* End XCConfigurationList section */

/* Begin XCRemoteSwiftPackageReference section */
		11AB6ED226AB35CB00A8ED62 /* XCRemoteSwiftPackageReference "SnapKit" */ = {
			isa = XCRemoteSwiftPackageReference;
			repositoryURL = "https://github.com/SnapKit/SnapKit";
			requirement = {
				kind = upToNextMajorVersion;
				minimumVersion = 5.0.1;
			};
		};
/* End XCRemoteSwiftPackageReference section */

/* Begin XCSwiftPackageProductDependency section */
		11AB6ED326AB35CB00A8ED62 /* SnapKit */ = {
			isa = XCSwiftPackageProductDependency;
			package = 11AB6ED226AB35CB00A8ED62 /* XCRemoteSwiftPackageReference "SnapKit" */;
			productName = SnapKit;
		};
/* End XCSwiftPackageProductDependency section */
	};
	rootObject = 11AB6EB026AB354100A8ED62 /* Project object */;
}
